Microsoft Visual Studio Solution File, Format Version 12.00
# Visual Studio Version 17
VisualStudioVersion = 17.5.2.0
MinimumVisualStudioVersion = 10.0.40219.1
Project("{2150E333-8FDC-42A3-9474-1A3956D46DE8}") = "ALC", "ALC", "{265BFE44-BFCF-4C9F-78AA-BBC326C3EA91}"
EndProject
Project("{2150E333-8FDC-42A3-9474-1A3956D46DE8}") = "Modules", "Modules", "{3BC11247-6129-AE6E-AF5D-DAAD2749B48C}"
EndProject
Project("{2150E333-8FDC-42A3-9474-1A3956D46DE8}") = "ModuleNew", "ModuleNew", "{A99E7FF9-7655-CE0F-CE09-448126A35614}"
EndProject
Project("{FAE04EC0-301F-11D3-BF4B-00C04F79EFBC}") = "ModuleNew", "ALC\Modules\ModuleNew\src\ModuleNew.csproj", "{19E4D7D1-70A4-7B95-7D69-DCCCEA3CD887}"
EndProject
Project("{2150E333-8FDC-42A3-9474-1A3956D46DE8}") = "ModuleOld", "ModuleOld", "{8963AAFD-6466-1A07-758E-B73077F11149}"
EndProject
Project("{FAE04EC0-301F-11D3-BF4B-00C04F79EFBC}") = "ModuleOld", "ALC\Modules\ModuleOld\src\ModuleOld.csproj", "{F89B277F-DC9F-424F-1266-EEF5E5E9D209}"
EndProject
Global
	GlobalSection(SolutionConfigurationPlatforms) = preSolution
		Debug|Any CPU = Debug|Any CPU
		Release|Any CPU = Release|Any CPU
	EndGlobalSection
	GlobalSection(ProjectConfigurationPlatforms) = postSolution
		{19E4D7D1-70A4-7B95-7D69-DCCCEA3CD887}.Debug|Any CPU.ActiveCfg = Debug|Any CPU
		{19E4D7D1-70A4-7B95-7D69-DCCCEA3CD887}.Debug|Any CPU.Build.0 = Debug|Any CPU
		{19E4D7D1-70A4-7B95-7D69-DCCCEA3CD887}.Release|Any CPU.ActiveCfg = Release|Any CPU
		{19E4D7D1-70A4-7B95-7D69-DCCCEA3CD887}.Release|Any CPU.Build.0 = Release|Any CPU
		{F89B277F-DC9F-424F-1266-EEF5E5E9D209}.Debug|Any CPU.ActiveCfg = Debug|Any CPU
		{F89B277F-DC9F-424F-1266-EEF5E5E9D209}.Debug|Any CPU.Build.0 = Debug|Any CPU
		{F89B277F-DC9F-424F-1266-EEF5E5E9D209}.Release|Any CPU.ActiveCfg = Release|Any CPU
		{F89B277F-DC9F-424F-1266-EEF5E5E9D209}.Release|Any CPU.Build.0 = Release|Any CPU
	EndGlobalSection
	GlobalSection(SolutionProperties) = preSolution
		HideSolutionNode = FALSE
	EndGlobalSection
	GlobalSection(NestedProjects) = preSolution
		{3BC11247-6129-AE6E-AF5D-DAAD2749B48C} = {265BFE44-BFCF-4C9F-78AA-BBC326C3EA91}
		{A99E7FF9-7655-CE0F-CE09-448126A35614} = {3BC11247-6129-AE6E-AF5D-DAAD2749B48C}
		{19E4D7D1-70A4-7B95-7D69-DCCCEA3CD887} = {A99E7FF9-7655-CE0F-CE09-448126A35614}
		{8963AAFD-6466-1A07-758E-B73077F11149} = {3BC11247-6129-AE6E-AF5D-DAAD2749B48C}
		{F89B277F-DC9F-424F-1266-EEF5E5E9D209} = {8963AAFD-6466-1A07-758E-B73077F11149}
	EndGlobalSection
	GlobalSection(ExtensibilityGlobals) = postSolution
		SolutionGuid = {EACA188F-0D7F-4CAA-972C-4DDF526F7FCA}
	EndGlobalSection
EndGlobal
